{
  "name": "labs12-background-check-FE",
  "version": "1.0.0",
  "lockfileVersion": 1,
  "requires": true,
  "dependencies": {
    "bluebird": {
      "version": "2.11.0",
      "resolved": "https://registry.npmjs.org/bluebird/-/bluebird-2.11.0.tgz",
      "integrity": "sha1-U0uQM8AiyVecVro7Plpcqvu2UOE="
    },
    "knex-cleaner": {
      "version": "1.1.4",
      "resolved": "https://registry.npmjs.org/knex-cleaner/-/knex-cleaner-1.1.4.tgz",
      "integrity": "sha512-lIljy2bnhfKsET5R0XOlItarC7IgvjcU9BxLR3fhRwrFt02NAVPszx8RUVVCNuhyBR5ibzNNwznLR82O/4eC5Q==",
      "requires": {
        "bluebird": "^2.9.13",
        "lodash": "^3.5.0"
      }
    },
    "lodash": {
      "version": "3.10.1",
      "resolved": "https://registry.npmjs.org/lodash/-/lodash-3.10.1.tgz",
      "integrity": "sha1-W/Rejkm6QYnhfUgnid/RW9FAt7Y="
    }
  }
}
